
Microsoft Visual Studio Solution File, Format Version 12.00
# Visual Studio 14
VisualStudioVersion = 14.0.25420.1
MinimumVisualStudioVersion = 10.0.40219.1
Project("{2150E333-8FDC-42A3-9474-1A3956D46DE8}") = "src", "src", "{75DA1CC6-73A2-4855-AE6E-9B8F4693FD73}"
EndProject
Project("{2150E333-8FDC-42A3-9474-1A3956D46DE8}") = "Solution Items", "Solution Items", "{9D4D35B5-177A-439F-AAAA-AF29F41BD49B}"
	ProjectSection(SolutionItems) = preProject
		.travis.yml = .travis.yml
		build.ps1 = build.ps1
		build.sh = build.sh
		deploy.sh = deploy.sh
		global.json = global.json
		README.md = README.md
		serverless.yml = serverless.yml
	EndProjectSection
EndProject
Project("{8BB2217D-0F2D-49D1-97BC-3654ED321F3B}") = "Core", "src\Core\Core.xproj", "{6D3F01AC-C0BD-42E6-B1F2-9A06278AD714}"
EndProject
Project("{8BB2217D-0F2D-49D1-97BC-3654ED321F3B}") = "Handlers", "src\Handlers\Handlers.xproj", "{BE4152CC-55B1-4EA7-BF62-B56FB9066D40}"
EndProject
Project("{8BB2217D-0F2D-49D1-97BC-3654ED321F3B}") = "Tests", "src\Tests\Tests.xproj", "{D3C1B13D-6650-4208-B592-A0AF15CF8DB2}"
EndProject
Global
	GlobalSection(SolutionConfigurationPlatforms) = preSolution
		Debug|Any CPU = Debug|Any CPU
		Release|Any CPU = Release|Any CPU
	EndGlobalSection
	GlobalSection(ProjectConfigurationPlatforms) = postSolution
		{6D3F01AC-C0BD-42E6-B1F2-9A06278AD714}.Debug|Any CPU.ActiveCfg = Debug|Any CPU
		{6D3F01AC-C0BD-42E6-B1F2-9A06278AD714}.Debug|Any CPU.Build.0 = Debug|Any CPU
		{6D3F01AC-C0BD-42E6-B1F2-9A06278AD714}.Release|Any CPU.ActiveCfg = Release|Any CPU
		{6D3F01AC-C0BD-42E6-B1F2-9A06278AD714}.Release|Any CPU.Build.0 = Release|Any CPU
		{BE4152CC-55B1-4EA7-BF62-B56FB9066D40}.Debug|Any CPU.ActiveCfg = Debug|Any CPU
		{BE4152CC-55B1-4EA7-BF62-B56FB9066D40}.Debug|Any CPU.Build.0 = Debug|Any CPU
		{BE4152CC-55B1-4EA7-BF62-B56FB9066D40}.Release|Any CPU.ActiveCfg = Release|Any CPU
		{BE4152CC-55B1-4EA7-BF62-B56FB9066D40}.Release|Any CPU.Build.0 = Release|Any CPU
		{D3C1B13D-6650-4208-B592-A0AF15CF8DB2}.Debug|Any CPU.ActiveCfg = Debug|Any CPU
		{D3C1B13D-6650-4208-B592-A0AF15CF8DB2}.Debug|Any CPU.Build.0 = Debug|Any CPU
		{D3C1B13D-6650-4208-B592-A0AF15CF8DB2}.Release|Any CPU.ActiveCfg = Release|Any CPU
		{D3C1B13D-6650-4208-B592-A0AF15CF8DB2}.Release|Any CPU.Build.0 = Release|Any CPU
	EndGlobalSection
	GlobalSection(SolutionProperties) = preSolution
		HideSolutionNode = FALSE
	EndGlobalSection
	GlobalSection(NestedProjects) = preSolution
		{6D3F01AC-C0BD-42E6-B1F2-9A06278AD714} = {75DA1CC6-73A2-4855-AE6E-9B8F4693FD73}
		{BE4152CC-55B1-4EA7-BF62-B56FB9066D40} = {75DA1CC6-73A2-4855-AE6E-9B8F4693FD73}
		{D3C1B13D-6650-4208-B592-A0AF15CF8DB2} = {75DA1CC6-73A2-4855-AE6E-9B8F4693FD73}
	EndGlobalSection
EndGlobal
